<?xml version="1.0" encoding="utf-8"?>
<Project ToolsVersion="4.0" xmlns="http://schemas.microsoft.com/developer/msbuild/2003">
  <ItemGroup>
    <Filter Include="Source Files">
      <UniqueIdentifier>{4FC737F1-C7A5-4376-A066-2A32D752A2FF}</UniqueIdentifier>
      <Extensions>cpp;c;cc;cxx;def;odl;idl;hpj;bat;asm;asmx</Extensions>
    </Filter>
    <Filter Include="Header Files">
      <UniqueIdentifier>{93995380-89BD-4b04-88EB-625FBE52EBFB}</UniqueIdentifier>
      <Extensions>h;hh;hpp;hxx;hm;inl;inc;ipp;xsd</Extensions>
    </Filter>
    <Filter Include="Resource Files">
      <UniqueIdentifier>{67DA6AB6-F800-4c08-8B7A-83BB121AAD01}</UniqueIdentifier>
      <Extensions>rc;ico;cur;bmp;dlg;rc2;rct;bin;rgs;gif;jpg;jpeg;jpe;resx;tiff;tif;png;wav;mfcribbon-ms</Extensions>
    </Filter>
    <Filter Include="Header Files\Scene Headers">
      <UniqueIdentifier>{69449861-1bdd-4c4b-ba58-8670d1732407}</UniqueIdentifier>
    </Filter>
    <Filter Include="Source Files\Scene Source">
      <UniqueIdentifier>{0aa1db04-50d0-42e6-b94b-bb7d3df28645}</UniqueIdentifier>
    </Filter>
    <Filter Include="Header Files\Helper Headers">
      <UniqueIdentifier>{e8afc5cb-0bea-4f39-a53f-bfc42bffe7c9}</UniqueIdentifier>
    </Filter>
    <Filter Include="Source Files\Helper Source">
      <UniqueIdentifier>{1f8ab92a-6a68-4244-8590-d427f1a6ea01}</UniqueIdentifier>
    </Filter>
  </ItemGroup>
  <ItemGroup>
    <ClCompile Include="source\Game.cpp">
      <Filter>Source Files</Filter>
    </ClCompile>
    <ClCompile Include="source\Main.cpp">
      <Filter>Source Files</Filter>
    </ClCompile>
    <ClCompile Include="source\NetworkClient.cpp">
      <Filter>Source Files</Filter>
    </ClCompile>
    <ClCompile Include="source\NetworkServer.cpp">
      <Filter>Source Files</Filter>
    </ClCompile>
    <ClCompile Include="source\Player.cpp">
      <Filter>Source Files</Filter>
    </ClCompile>
    <ClCompile Include="source\GameScene.cpp">
      <Filter>Source Files\Scene Source</Filter>
    </ClCompile>
    <ClCompile Include="source\MainMenu.cpp">
      <Filter>Source Files\Scene Source</Filter>
    </ClCompile>
    <ClCompile Include="source\SceneManager.cpp">
      <Filter>Source Files\Scene Source</Filter>
    </ClCompile>
    <ClCompile Include="source\Sprite.cpp">
      <Filter>Source Files\Helper Source</Filter>
    </ClCompile>
    <ClCompile Include="source\Timer.cpp">
      <Filter>Source Files\Helper Source</Filter>
    </ClCompile>
    <ClCompile Include="source\CollisionBox.cpp">
      <Filter>Source Files\Helper Source</Filter>
    </ClCompile>
    <ClCompile Include="source\ResourceHandler.cpp">
      <Filter>Source Files\Helper Source</Filter>
    </ClCompile>
    <ClCompile Include="source\InputHandler.cpp">
      <Filter>Source Files\Helper Source</Filter>
    </ClCompile>
    <ClCompile Include="source\Button.cpp">
      <Filter>Source Files</Filter>
    </ClCompile>
  </ItemGroup>
  <ItemGroup>
    <ClInclude Include="header\Game.h">
      <Filter>Header Files</Filter>
    </ClInclude>
    <ClInclude Include="header\Network.h">
      <Filter>Header Files</Filter>
    </ClInclude>
    <ClInclude Include="header\Player.h">
      <Filter>Header Files</Filter>
    </ClInclude>
    <ClInclude Include="header\GameScene.h">
      <Filter>Header Files\Scene Headers</Filter>
    </ClInclude>
    <ClInclude Include="header\Scene.h">
      <Filter>Header Files\Scene Headers</Filter>
    </ClInclude>
    <ClInclude Include="header\MainMenu.h">
      <Filter>Header Files\Scene Headers</Filter>
    </ClInclude>
    <ClInclude Include="header\SceneManager.h">
      <Filter>Header Files\Scene Headers</Filter>
    </ClInclude>
    <ClInclude Include="header\Sprite.h">
      <Filter>Header Files\Helper Headers</Filter>
    </ClInclude>
    <ClInclude Include="header\Timer.h">
      <Filter>Header Files\Helper Headers</Filter>
    </ClInclude>
    <ClInclude Include="header\CollisionBox.h">
      <Filter>Header Files\Helper Headers</Filter>
    </ClInclude>
    <ClInclude Include="header\ResourceHandler.h">
      <Filter>Header Files\Helper Headers</Filter>
    </ClInclude>
    <ClInclude Include="header\InputHandler.h">
      <Filter>Header Files\Helper Headers</Filter>
    </ClInclude>
    <ClInclude Include="header\Button.h">
      <Filter>Header Files</Filter>
    </ClInclude>
  </ItemGroup>
</Project>